
Microsoft Visual Studio Solution File, Format Version 12.00
# Visual Studio 15
VisualStudioVersion = 15.0.28307.168
MinimumVisualStudioVersion = 10.0.40219.1
Project("{FAE04EC0-301F-11D3-BF4B-00C04F79EFBC}") = "Stex.Net", "Stex.Net\Stex.Net.csproj", "{049D3F0F-A2E1-4888-99D5-B983B5738406}"
EndProject
Project("{2150E333-8FDC-42A3-9474-1A3956D46DE8}") = "Api", "Api", "{1CFCAF3D-1871-460E-AADE-F8FF19673F2A}"
EndProject
Project("{2150E333-8FDC-42A3-9474-1A3956D46DE8}") = "Tests", "Tests", "{CF307427-0B78-4528-96F6-470725B99B8C}"
EndProject
Project("{FAE04EC0-301F-11D3-BF4B-00C04F79EFBC}") = "Stex.Net.Tests", "Stex.Net.Tests\Stex.Net.Tests.csproj", "{F2AA2E99-4591-4916-A811-09D05BB2F3CA}"
EndProject
Global
	GlobalSection(SolutionConfigurationPlatforms) = preSolution
		Debug|Any CPU = Debug|Any CPU
		Release|Any CPU = Release|Any CPU
	EndGlobalSection
	GlobalSection(ProjectConfigurationPlatforms) = postSolution
		{049D3F0F-A2E1-4888-99D5-B983B5738406}.Debug|Any CPU.ActiveCfg = Debug|Any CPU
		{049D3F0F-A2E1-4888-99D5-B983B5738406}.Debug|Any CPU.Build.0 = Debug|Any CPU
		{049D3F0F-A2E1-4888-99D5-B983B5738406}.Release|Any CPU.ActiveCfg = Release|Any CPU
		{049D3F0F-A2E1-4888-99D5-B983B5738406}.Release|Any CPU.Build.0 = Release|Any CPU
		{F2AA2E99-4591-4916-A811-09D05BB2F3CA}.Debug|Any CPU.ActiveCfg = Debug|Any CPU
		{F2AA2E99-4591-4916-A811-09D05BB2F3CA}.Debug|Any CPU.Build.0 = Debug|Any CPU
		{F2AA2E99-4591-4916-A811-09D05BB2F3CA}.Release|Any CPU.ActiveCfg = Release|Any CPU
		{F2AA2E99-4591-4916-A811-09D05BB2F3CA}.Release|Any CPU.Build.0 = Release|Any CPU
	EndGlobalSection
	GlobalSection(SolutionProperties) = preSolution
		HideSolutionNode = FALSE
	EndGlobalSection
	GlobalSection(NestedProjects) = preSolution
		{049D3F0F-A2E1-4888-99D5-B983B5738406} = {1CFCAF3D-1871-460E-AADE-F8FF19673F2A}
		{F2AA2E99-4591-4916-A811-09D05BB2F3CA} = {CF307427-0B78-4528-96F6-470725B99B8C}
	EndGlobalSection
	GlobalSection(ExtensibilityGlobals) = postSolution
		SolutionGuid = {60EEAAEB-E9D6-4FC7-81C4-6764D9D8D30A}
	EndGlobalSection
EndGlobal
